
Microsoft Visual Studio Solution File, Format Version 12.00
# Visual Studio 15
VisualStudioVersion = 15.0.27703.2042
MinimumVisualStudioVersion = 10.0.40219.1
Project("{9A19103F-16F7-4668-BE54-9A1E7A4F7556}") = "Etapa5", "Etapa5.csproj", "{1665031E-5BD0-4BDE-8EB0-DBD45DD243CA}"
EndProject
Global
	GlobalSection(SolutionConfigurationPlatforms) = preSolution
		Debug|Any CPU = Debug|Any CPU
		Release|Any CPU = Release|Any CPU
	EndGlobalSection
	GlobalSection(ProjectConfigurationPlatforms) = postSolution
		{1665031E-5BD0-4BDE-8EB0-DBD45DD243CA}.Debug|Any CPU.ActiveCfg = Debug|Any CPU
		{1665031E-5BD0-4BDE-8EB0-DBD45DD243CA}.Debug|Any CPU.Build.0 = Debug|Any CPU
		{1665031E-5BD0-4BDE-8EB0-DBD45DD243CA}.Release|Any CPU.ActiveCfg = Release|Any CPU
		{1665031E-5BD0-4BDE-8EB0-DBD45DD243CA}.Release|Any CPU.Build.0 = Release|Any CPU
	EndGlobalSection
	GlobalSection(SolutionProperties) = preSolution
		HideSolutionNode = FALSE
	EndGlobalSection
	GlobalSection(ExtensibilityGlobals) = postSolution
		SolutionGuid = {AF0B39FD-11DF-4986-A325-6EB8168D8D3C}
	EndGlobalSection
EndGlobal
